// !$*UTF8*$!
{
	archiveVersion = 1;
	classes = {
	};
	objectVersion = 50;
	objects = {

/* Begin PBXBuildFile section */
		6E4B624BFAD353F4A5D43875 /* Pods_Tryouts.framework in Frameworks */ = {isa = PBXBuildFile; fileRef = D31FE0231BD11E9566B5072F /* Pods_Tryouts.framework */; };
		7C919C4021E07687000D6CB7 /* AppDelegate.swift in Sources */ = {isa = PBXBuildFile; fileRef = 7C919C3F21E07687000D6CB7 /* AppDelegate.swift */; };
		7C919C4221E07687000D6CB7 /* ViewController.swift in Sources */ = {isa = PBXBuildFile; fileRef = 7C919C4121E07687000D6CB7 /* ViewController.swift */; };
		7C919C4521E07687000D6CB7 /* Main.storyboard in Resources */ = {isa = PBXBuildFile; fileRef = 7C919C4321E07687000D6CB7 /* Main.storyboard */; };
		7C919C4721E07688000D6CB7 /* Assets.xcassets in Resources */ = {isa = PBXBuildFile; fileRef = 7C919C4621E07688000D6CB7 /* Assets.xcassets */; };
		7C919C4A21E07688000D6CB7 /* LaunchScreen.storyboard in Resources */ = {isa = PBXBuildFile; fileRef = 7C919C4821E07688000D6CB7 /* LaunchScreen.storyboard */; };
		7C919C5521E07957000D6CB7 /* tryouts.jpeg in Resources */ = {isa = PBXBuildFile; fileRef = 7C919C5421E07957000D6CB7 /* tryouts.jpeg */; };
		7C919C5721E079B5000D6CB7 /* CustomButton.swift in Sources */ = {isa = PBXBuildFile; fileRef = 7C919C5621E079B5000D6CB7 /* CustomButton.swift */; };
		7C919C5B21E07CEB000D6CB7 /* NewAccount.swift in Sources */ = {isa = PBXBuildFile; fileRef = 7C919C5A21E07CEB000D6CB7 /* NewAccount.swift */; };
		7C92928421E2C58D006885CD /* box_verticle.png in Resources */ = {isa = PBXBuildFile; fileRef = 7C92928221E2C58D006885CD /* box_verticle.png */; };
		7C92928621E2C619006885CD /* box_horizontal.png in Resources */ = {isa = PBXBuildFile; fileRef = 7C92928521E2C618006885CD /* box_horizontal.png */; };
		7C92928B21E2C98D006885CD /* softball_player.png in Resources */ = {isa = PBXBuildFile; fileRef = 7C92928721E2C98D006885CD /* softball_player.png */; };
		7C92928C21E2C98D006885CD /* coaches.png in Resources */ = {isa = PBXBuildFile; fileRef = 7C92928821E2C98D006885CD /* coaches.png */; };
		7C92928D21E2C98D006885CD /* clipboard.png in Resources */ = {isa = PBXBuildFile; fileRef = 7C92928921E2C98D006885CD /* clipboard.png */; };
		7C92928E21E2C98D006885CD /* tryouts_icon.jpg in Resources */ = {isa = PBXBuildFile; fileRef = 7C92928A21E2C98D006885CD /* tryouts_icon.jpg */; };
		7C92929021E31074006885CD /* MainOptions.swift in Sources */ = {isa = PBXBuildFile; fileRef = 7C92928F21E31074006885CD /* MainOptions.swift */; };
		7C92929221E31A00006885CD /* Coaches.swift in Sources */ = {isa = PBXBuildFile; fileRef = 7C92929121E31A00006885CD /* Coaches.swift */; };
		7CB78F1721E18AE600AE84B4 /* GoogleService-Info.plist in Resources */ = {isa = PBXBuildFile; fileRef = 7CB78F1621E18AE600AE84B4 /* GoogleService-Info.plist */; };
		7CB78F1921E18D4500AE84B4 /* WaitingToLoad.swift in Sources */ = {isa = PBXBuildFile; fileRef = 7CB78F1821E18D4500AE84B4 /* WaitingToLoad.swift */; };
/* End PBXBuildFile section */

/* Begin PBXFileReference section */
		0729A3AA14675D79743C8943 /* Pods-Tryouts.debug.xcconfig */ = {isa = PBXFileReference; includeInIndex = 1; lastKnownFileType = text.xcconfig; name = "Pods-Tryouts.debug.xcconfig"; path = "Pods/Target Support Files/Pods-Tryouts/Pods-Tryouts.debug.xcconfig"; sourceTree = "<group>"; };
		589C8919A5BA9B9CB8BAFEBA /* Pods-Tryouts.release.xcconfig */ = {isa = PBXFileReference; includeInIndex = 1; lastKnownFileType = text.xcconfig; name = "Pods-Tryouts.release.xcconfig"; path = "Pods/Target Support Files/Pods-Tryouts/Pods-Tryouts.release.xcconfig"; sourceTree = "<group>"; };
		7C919C3C21E07687000D6CB7 /* Tryouts.app */ = {isa = PBXFileReference; explicitFileType = wrapper.application; includeInIndex = 0; path = Tryouts.app; sourceTree = BUILT_PRODUCTS_DIR; };
		7C919C3F21E07687000D6CB7 /* AppDelegate.swift */ = {isa = PBXFileReference; lastKnownFileType = sourcecode.swift; path = AppDelegate.swift; sourceTree = "<group>"; };
		7C919C4121E07687000D6CB7 /* ViewController.swift */ = {isa = PBXFileReference; lastKnownFileType = sourcecode.swift; path = ViewController.swift; sourceTree = "<group>"; };
		7C919C4421E07687000D6CB7 /* Base */ = {isa = PBXFileReference; lastKnownFileType = file.storyboard; name = Base; path = Base.lproj/Main.storyboard; sourceTree = "<group>"; };
		7C919C4621E07688000D6CB7 /* Assets.xcassets */ = {isa = PBXFileReference; lastKnownFileType = folder.assetcatalog; path = Assets.xcassets; sourceTree = "<group>"; };
		7C919C4921E07688000D6CB7 /* Base */ = {isa = PBXFileReference; lastKnownFileType = file.storyboard; name = Base; path = Base.lproj/LaunchScreen.storyboard; sourceTree = "<group>"; };
		7C919C4B21E07688000D6CB7 /* Info.plist */ = {isa = PBXFileReference; lastKnownFileType = text.plist.xml; path = Info.plist; sourceTree = "<group>"; };
		7C919C5421E07957000D6CB7 /* tryouts.jpeg */ = {isa = PBXFileReference; lastKnownFileType = image.jpeg; path = tryouts.jpeg; sourceTree = "<group>"; };
		7C919C5621E079B5000D6CB7 /* CustomButton.swift */ = {isa = PBXFileReference; fileEncoding = 4; lastKnownFileType = sourcecode.swift; path = CustomButton.swift; sourceTree = "<group>"; };
		7C919C5A21E07CEB000D6CB7 /* NewAccount.swift */ = {isa = PBXFileReference; lastKnownFileType = sourcecode.swift; path = NewAccount.swift; sourceTree = "<group>"; };
		7C92928221E2C58D006885CD /* box_verticle.png */ = {isa = PBXFileReference; lastKnownFileType = image.png; path = box_verticle.png; sourceTree = "<group>"; };
		7C92928521E2C618006885CD /* box_horizontal.png */ = {isa = PBXFileReference; lastKnownFileType = image.png; name = box_horizontal.png; path = ../box_horizontal.png; sourceTree = "<group>"; };
		7C92928721E2C98D006885CD /* softball_player.png */ = {isa = PBXFileReference; lastKnownFileType = image.png; path = softball_player.png; sourceTree = "<group>"; };
		7C92928821E2C98D006885CD /* coaches.png */ = {isa = PBXFileReference; lastKnownFileType = image.png; path = coaches.png; sourceTree = "<group>"; };
		7C92928921E2C98D006885CD /* clipboard.png */ = {isa = PBXFileReference; lastKnownFileType = image.png; path = clipboard.png; sourceTree = "<group>"; };
		7C92928A21E2C98D006885CD /* tryouts_icon.jpg */ = {isa = PBXFileReference; lastKnownFileType = image.jpeg; path = tryouts_icon.jpg; sourceTree = "<group>"; };
		7C92928F21E31074006885CD /* MainOptions.swift */ = {isa = PBXFileReference; lastKnownFileType = sourcecode.swift; path = MainOptions.swift; sourceTree = "<group>"; };
		7C92929121E31A00006885CD /* Coaches.swift */ = {isa = PBXFileReference; lastKnownFileType = sourcecode.swift; path = Coaches.swift; sourceTree = "<group>"; };
		7CB78F1621E18AE600AE84B4 /* GoogleService-Info.plist */ = {isa = PBXFileReference; fileEncoding = 4; lastKnownFileType = text.plist.xml; path = "GoogleService-Info.plist"; sourceTree = "<group>"; };
		7CB78F1821E18D4500AE84B4 /* WaitingToLoad.swift */ = {isa = PBXFileReference; fileEncoding = 4; lastKnownFileType = sourcecode.swift; path = WaitingToLoad.swift; sourceTree = "<group>"; };
		D31FE0231BD11E9566B5072F /* Pods_Tryouts.framework */ = {isa = PBXFileReference; explicitFileType = wrapper.framework; includeInIndex = 0; path = Pods_Tryouts.framework; sourceTree = BUILT_PRODUCTS_DIR; };
/* End PBXFileReference section */

/* Begin PBXFrameworksBuildPhase section */
		7C919C3921E07687000D6CB7 /* Frameworks */ = {
			isa = PBXFrameworksBuildPhase;
			buildActionMask = 2147483647;
			files = (
				6E4B624BFAD353F4A5D43875 /* Pods_Tryouts.framework in Frameworks */,
			);
			runOnlyForDeploymentPostprocessing = 0;
		};
/* End PBXFrameworksBuildPhase section */

/* Begin PBXGroup section */
		670593769EE99FAA4FA30958 /* Pods */ = {
			isa = PBXGroup;
			children = (
				0729A3AA14675D79743C8943 /* Pods-Tryouts.debug.xcconfig */,
				589C8919A5BA9B9CB8BAFEBA /* Pods-Tryouts.release.xcconfig */,
			);
			name = Pods;
			sourceTree = "<group>";
		};
		7C919C3321E07687000D6CB7 = {
			isa = PBXGroup;
			children = (
				7C919C3E21E07687000D6CB7 /* Tryouts */,
				7C919C3D21E07687000D6CB7 /* Products */,
				670593769EE99FAA4FA30958 /* Pods */,
				D1318803D40EC84B13E3F883 /* Frameworks */,
			);
			sourceTree = "<group>";
		};
		7C919C3D21E07687000D6CB7 /* Products */ = {
			isa = PBXGroup;
			children = (
				7C919C3C21E07687000D6CB7 /* Tryouts.app */,
			);
			name = Products;
			sourceTree = "<group>";
		};
		7C919C3E21E07687000D6CB7 /* Tryouts */ = {
			isa = PBXGroup;
			children = (
				7C919C5121E0776C000D6CB7 /* images */,
				7C919C5621E079B5000D6CB7 /* CustomButton.swift */,
				7C919C3F21E07687000D6CB7 /* AppDelegate.swift */,
				7C919C4121E07687000D6CB7 /* ViewController.swift */,
				7C919C4321E07687000D6CB7 /* Main.storyboard */,
				7C92929121E31A00006885CD /* Coaches.swift */,
				7C92928F21E31074006885CD /* MainOptions.swift */,
				7CB78F1821E18D4500AE84B4 /* WaitingToLoad.swift */,
				7C919C4621E07688000D6CB7 /* Assets.xcassets */,
				7C919C4821E07688000D6CB7 /* LaunchScreen.storyboard */,
				7CB78F1621E18AE600AE84B4 /* GoogleService-Info.plist */,
				7C919C4B21E07688000D6CB7 /* Info.plist */,
				7C919C5A21E07CEB000D6CB7 /* NewAccount.swift */,
			);
			path = Tryouts;
			sourceTree = "<group>";
		};
		7C919C5121E0776C000D6CB7 /* images */ = {
			isa = PBXGroup;
			children = (
				7C92928221E2C58D006885CD /* box_verticle.png */,
				7C92928921E2C98D006885CD /* clipboard.png */,
				7C92928821E2C98D006885CD /* coaches.png */,
				7C92928721E2C98D006885CD /* softball_player.png */,
				7C92928A21E2C98D006885CD /* tryouts_icon.jpg */,
				7C92928521E2C618006885CD /* box_horizontal.png */,
				7C919C5421E07957000D6CB7 /* tryouts.jpeg */,
			);
			path = images;
			sourceTree = "<group>";
		};
		D1318803D40EC84B13E3F883 /* Frameworks */ = {
			isa = PBXGroup;
			children = (
				D31FE0231BD11E9566B5072F /* Pods_Tryouts.framework */,
			);
			name = Frameworks;
			sourceTree = "<group>";
		};
/* End PBXGroup section */

/* Begin PBXNativeTarget section */
		7C919C3B21E07687000D6CB7 /* Tryouts */ = {
			isa = PBXNativeTarget;
			buildConfigurationList = 7C919C4E21E07688000D6CB7 /* Build configuration list for PBXNativeTarget "Tryouts" */;
			buildPhases = (
				9217B7F74CABEE8805B6D7F5 /* [CP] Check Pods Manifest.lock */,
				7C919C3821E07687000D6CB7 /* Sources */,
				7C919C3921E07687000D6CB7 /* Frameworks */,
				7C919C3A21E07687000D6CB7 /* Resources */,
				095677234A3ABCB7671EE1A3 /* [CP] Embed Pods Frameworks */,
			);
			buildRules = (
			);
			dependencies = (
			);
			name = Tryouts;
			productName = Tryouts;
			productReference = 7C919C3C21E07687000D6CB7 /* Tryouts.app */;
			productType = "com.apple.product-type.application";
		};
/* End PBXNativeTarget section */

/* Begin PBXProject section */
		7C919C3421E07687000D6CB7 /* Project object */ = {
			isa = PBXProject;
			attributes = {
				LastSwiftUpdateCheck = 1010;
				LastUpgradeCheck = 1010;
				ORGANIZATIONNAME = GoEmobile;
				TargetAttributes = {
					7C919C3B21E07687000D6CB7 = {
						CreatedOnToolsVersion = 10.1;
					};
				};
			};
			buildConfigurationList = 7C919C3721E07687000D6CB7 /* Build configuration list for PBXProject "Tryouts" */;
			compatibilityVersion = "Xcode 9.3";
			developmentRegion = en;
			hasScannedForEncodings = 0;
			knownRegions = (
				en,
				Base,
			);
			mainGroup = 7C919C3321E07687000D6CB7;
			productRefGroup = 7C919C3D21E07687000D6CB7 /* Products */;
			projectDirPath = "";
			projectRoot = "";
			targets = (
				7C919C3B21E07687000D6CB7 /* Tryouts */,
			);
		};
/* End PBXProject section */

/* Begin PBXResourcesBuildPhase section */
		7C919C3A21E07687000D6CB7 /* Resources */ = {
			isa = PBXResourcesBuildPhase;
			buildActionMask = 2147483647;
			files = (
				7C919C4A21E07688000D6CB7 /* LaunchScreen.storyboard in Resources */,
				7C92928B21E2C98D006885CD /* softball_player.png in Resources */,
				7C92928D21E2C98D006885CD /* clipboard.png in Resources */,
				7C92928E21E2C98D006885CD /* tryouts_icon.jpg in Resources */,
				7C92928C21E2C98D006885CD /* coaches.png in Resources */,
				7C92928421E2C58D006885CD /* box_verticle.png in Resources */,
				7C919C4721E07688000D6CB7 /* Assets.xcassets in Resources */,
				7CB78F1721E18AE600AE84B4 /* GoogleService-Info.plist in Resources */,
				7C919C5521E07957000D6CB7 /* tryouts.jpeg in Resources */,
				7C919C4521E07687000D6CB7 /* Main.storyboard in Resources */,
				7C92928621E2C619006885CD /* box_horizontal.png in Resources */,
			);
			runOnlyForDeploymentPostprocessing = 0;
		};
/* End PBXResourcesBuildPhase section */

/* Begin PBXShellScriptBuildPhase section */
		095677234A3ABCB7671EE1A3 /* [CP] Embed Pods Frameworks */ = {
			isa = PBXShellScriptBuildPhase;
			buildActionMask = 2147483647;
			files = (
			);
			inputPaths = (
				"${SRCROOT}/Pods/Target Support Files/Pods-Tryouts/Pods-Tryouts-frameworks.sh",
				"${BUILT_PRODUCTS_DIR}/GTMSessionFetcher/GTMSessionFetcher.framework",
				"${BUILT_PRODUCTS_DIR}/GoogleToolboxForMac/GoogleToolboxForMac.framework",
				"${BUILT_PRODUCTS_DIR}/leveldb-library/leveldb.framework",
				"${BUILT_PRODUCTS_DIR}/nanopb/nanopb.framework",
			);
			name = "[CP] Embed Pods Frameworks";
			outputPaths = (
				"${TARGET_BUILD_DIR}/${FRAMEWORKS_FOLDER_PATH}/GTMSessionFetcher.framework",
				"${TARGET_BUILD_DIR}/${FRAMEWORKS_FOLDER_PATH}/GoogleToolboxForMac.framework",
				"${TARGET_BUILD_DIR}/${FRAMEWORKS_FOLDER_PATH}/leveldb.framework",
				"${TARGET_BUILD_DIR}/${FRAMEWORKS_FOLDER_PATH}/nanopb.framework",
			);
			runOnlyForDeploymentPostprocessing = 0;
			shellPath = /bin/sh;
			shellScript = "\"${SRCROOT}/Pods/Target Support Files/Pods-Tryouts/Pods-Tryouts-frameworks.sh\"\n";
			showEnvVarsInLog = 0;
		};
		9217B7F74CABEE8805B6D7F5 /* [CP] Check Pods Manifest.lock */ = {
			isa = PBXShellScriptBuildPhase;
			buildActionMask = 2147483647;
			files = (
			);
			inputPaths = (
				"${PODS_PODFILE_DIR_PATH}/Podfile.lock",
				"${PODS_ROOT}/Manifest.lock",
			);
			name = "[CP] Check Pods Manifest.lock";
			outputPaths = (
				"$(DERIVED_FILE_DIR)/Pods-Tryouts-checkManifestLockResult.txt",
			);
			runOnlyForDeploymentPostprocessing = 0;
			shellPath = /bin/sh;
			shellScript = "diff \"${PODS_PODFILE_DIR_PATH}/Podfile.lock\" \"${PODS_ROOT}/Manifest.lock\" > /dev/null\nif [ $? != 0 ] ; then\n    # print error to STDERR\n    echo \"error: The sandbox is not in sync with the Podfile.lock. Run 'pod install' or update your CocoaPods installation.\" >&2\n    exit 1\nfi\n# This output is used by Xcode 'outputs' to avoid re-running this script phase.\necho \"SUCCESS\" > \"${SCRIPT_OUTPUT_FILE_0}\"\n";
			showEnvVarsInLog = 0;
		};
/* End PBXShellScriptBuildPhase section */

/* Begin PBXSourcesBuildPhase section */
		7C919C3821E07687000D6CB7 /* Sources */ = {
			isa = PBXSourcesBuildPhase;
			buildActionMask = 2147483647;
			files = (
				7C919C4221E07687000D6CB7 /* ViewController.swift in Sources */,
				7C919C4021E07687000D6CB7 /* AppDelegate.swift in Sources */,
				7C919C5B21E07CEB000D6CB7 /* NewAccount.swift in Sources */,
				7C92929221E31A00006885CD /* Coaches.swift in Sources */,
				7C919C5721E079B5000D6CB7 /* CustomButton.swift in Sources */,
				7CB78F1921E18D4500AE84B4 /* WaitingToLoad.swift in Sources */,
				7C92929021E31074006885CD /* MainOptions.swift in Sources */,
			);
			runOnlyForDeploymentPostprocessing = 0;
		};
/* End PBXSourcesBuildPhase section */

/* Begin PBXVariantGroup section */
		7C919C4321E07687000D6CB7 /* Main.storyboard */ = {
			isa = PBXVariantGroup;
			children = (
				7C919C4421E07687000D6CB7 /* Base */,
			);
			name = Main.storyboard;
			sourceTree = "<group>";
		};
		7C919C4821E07688000D6CB7 /* LaunchScreen.storyboard */ = {
			isa = PBXVariantGroup;
			children = (
				7C919C4921E07688000D6CB7 /* Base */,
			);
			name = LaunchScreen.storyboard;
			sourceTree = "<group>";
		};
/* End PBXVariantGroup section */

/* Begin XCBuildConfiguration section */
		7C919C4C21E07688000D6CB7 /* Debug */ = {
			isa = XCBuildConfiguration;
			buildSettings = {
				ALWAYS_SEARCH_USER_PATHS = NO;
				CLANG_ANALYZER_NONNULL = YES;
				CLANG_ANALYZER_NUMBER_OBJECT_CONVERSION = YES_AGGRESSIVE;
				CLANG_CXX_LANGUAGE_STANDARD = "gnu++14";
				CLANG_CXX_LIBRARY = "libc++";
				CLANG_ENABLE_MODULES = YES;
				CLANG_ENABLE_OBJC_ARC = YES;
				CLANG_ENABLE_OBJC_WEAK = YES;
				CLANG_WARN_BLOCK_CAPTURE_AUTORELEASING = YES;
				CLANG_WARN_BOOL_CONVERSION = YES;
				CLANG_WARN_COMMA = YES;
				CLANG_WARN_CONSTANT_CONVERSION = YES;
				CLANG_WARN_DEPRECATED_OBJC_IMPLEMENTATIONS = YES;
				CLANG_WARN_DIRECT_OBJC_ISA_USAGE = YES_ERROR;
				CLANG_WARN_DOCUMENTATION_COMMENTS = YES;
				CLANG_WARN_EMPTY_BODY = YES;
				CLANG_WARN_ENUM_CONVERSION = YES;
				CLANG_WARN_INFINITE_RECURSION = YES;
				CLANG_WARN_INT_CONVERSION = YES;
				CLANG_WARN_NON_LITERAL_NULL_CONVERSION = YES;
				CLANG_WARN_OBJC_IMPLICIT_RETAIN_SELF = YES;
				CLANG_WARN_OBJC_LITERAL_CONVERSION = YES;
				CLANG_WARN_OBJC_ROOT_CLASS = YES_ERROR;
				CLANG_WARN_RANGE_LOOP_ANALYSIS = YES;
				CLANG_WARN_STRICT_PROTOTYPES = YES;
				CLANG_WARN_SUSPICIOUS_MOVE = YES;
				CLANG_WARN_UNGUARDED_AVAILABILITY = YES_AGGRESSIVE;
				CLANG_WARN_UNREACHABLE_CODE = YES;
				CLANG_WARN__DUPLICATE_METHOD_MATCH = YES;
				CODE_SIGN_IDENTITY = "iPhone Developer";
				COPY_PHASE_STRIP = NO;
				DEBUG_INFORMATION_FORMAT = dwarf;
				ENABLE_STRICT_OBJC_MSGSEND = YES;
				ENABLE_TESTABILITY = YES;
				GCC_C_LANGUAGE_STANDARD = gnu11;
				GCC_DYNAMIC_NO_PIC = NO;
				GCC_NO_COMMON_BLOCKS = YES;
				GCC_OPTIMIZATION_LEVEL = 0;
				GCC_PREPROCESSOR_DEFINITIONS = (
					"DEBUG=1",
					"$(inherited)",
				);
				GCC_WARN_64_TO_32_BIT_CONVERSION = YES;
				GCC_WARN_ABOUT_RETURN_TYPE = YES_ERROR;
				GCC_WARN_UNDECLARED_SELECTOR = YES;
				GCC_WARN_UNINITIALIZED_AUTOS = YES_AGGRESSIVE;
				GCC_WARN_UNUSED_FUNCTION = YES;
				GCC_WARN_UNUSED_VARIABLE = YES;
				IPHONEOS_DEPLOYMENT_TARGET = 12.1;
				MTL_ENABLE_DEBUG_INFO = INCLUDE_SOURCE;
				MTL_FAST_MATH = YES;
				ONLY_ACTIVE_ARCH = YES;
				SDKROOT = iphoneos;
				SWIFT_ACTIVE_COMPILATION_CONDITIONS = DEBUG;
				SWIFT_OPTIMIZATION_LEVEL = "-Onone";
			};
			name = Debug;
		};
		7C919C4D21E07688000D6CB7 /* Release */ = {
			isa = XCBuildConfiguration;
			buildSettings = {
				ALWAYS_SEARCH_USER_PATHS = NO;
				CLANG_ANALYZER_NONNULL = YES;
				CLANG_ANALYZER_NUMBER_OBJECT_CONVERSION = YES_AGGRESSIVE;
				CLANG_CXX_LANGUAGE_STANDARD = "gnu++14";
				CLANG_CXX_LIBRARY = "libc++";
				CLANG_ENABLE_MODULES = YES;
				CLANG_ENABLE_OBJC_ARC = YES;
				CLANG_ENABLE_OBJC_WEAK = YES;
				CLANG_WARN_BLOCK_CAPTURE_AUTORELEASING = YES;
				CLANG_WARN_BOOL_CONVERSION = YES;
				CLANG_WARN_COMMA = YES;
				CLANG_WARN_CONSTANT_CONVERSION = YES;
				CLANG_WARN_DEPRECATED_OBJC_IMPLEMENTATIONS = YES;
				CLANG_WARN_DIRECT_OBJC_ISA_USAGE = YES_ERROR;
				CLANG_WARN_DOCUMENTATION_COMMENTS = YES;
				CLANG_WARN_EMPTY_BODY = YES;
				CLANG_WARN_ENUM_CONVERSION = YES;
				CLANG_WARN_INFINITE_RECURSION = YES;
				CLANG_WARN_INT_CONVERSION = YES;
				CLANG_WARN_NON_LITERAL_NULL_CONVERSION = YES;
				CLANG_WARN_OBJC_IMPLICIT_RETAIN_SELF = YES;
				CLANG_WARN_OBJC_LITERAL_CONVERSION = YES;
				CLANG_WARN_OBJC_ROOT_CLASS = YES_ERROR;
				CLANG_WARN_RANGE_LOOP_ANALYSIS = YES;
				CLANG_WARN_STRICT_PROTOTYPES = YES;
				CLANG_WARN_SUSPICIOUS_MOVE = YES;
				CLANG_WARN_UNGUARDED_AVAILABILITY = YES_AGGRESSIVE;
				CLANG_WARN_UNREACHABLE_CODE = YES;
				CLANG_WARN__DUPLICATE_METHOD_MATCH = YES;
				CODE_SIGN_IDENTITY = "iPhone Developer";
				COPY_PHASE_STRIP = NO;
				DEBUG_INFORMATION_FORMAT = "dwarf-with-dsym";
				ENABLE_NS_ASSERTIONS = NO;
				ENABLE_STRICT_OBJC_MSGSEND = YES;
				GCC_C_LANGUAGE_STANDARD = gnu11;
				GCC_NO_COMMON_BLOCKS = YES;
				GCC_WARN_64_TO_32_BIT_CONVERSION = YES;
				GCC_WARN_ABOUT_RETURN_TYPE = YES_ERROR;
				GCC_WARN_UNDECLARED_SELECTOR = YES;
				GCC_WARN_UNINITIALIZED_AUTOS = YES_AGGRESSIVE;
				GCC_WARN_UNUSED_FUNCTION = YES;
				GCC_WARN_UNUSED_VARIABLE = YES;
				IPHONEOS_DEPLOYMENT_TARGET = 12.1;
				MTL_ENABLE_DEBUG_INFO = NO;
				MTL_FAST_MATH = YES;
				SDKROOT = iphoneos;
				SWIFT_COMPILATION_MODE = wholemodule;
				SWIFT_OPTIMIZATION_LEVEL = "-O";
				VALIDATE_PRODUCT = YES;
			};
			name = Release;
		};
		7C919C4F21E07688000D6CB7 /* Debug */ = {
			isa = XCBuildConfiguration;
			baseConfigurationReference = 0729A3AA14675D79743C8943 /* Pods-Tryouts.debug.xcconfig */;
			buildSettings = {
				ASSETCATALOG_COMPILER_APPICON_NAME = AppIcon;
				CODE_SIGN_STYLE = Automatic;
				DEVELOPMENT_TEAM = 24A26Z67PK;
				INFOPLIST_FILE = Tryouts/Info.plist;
				LD_RUNPATH_SEARCH_PATHS = (
					"$(inherited)",
					"@executable_path/Frameworks",
				);
				PRODUCT_BUNDLE_IDENTIFIER = com.goemobile.tryouts.Tryouts;
				PRODUCT_NAME = "$(TARGET_NAME)";
				SWIFT_VERSION = 4.2;
				TARGETED_DEVICE_FAMILY = "1,2";
			};
			name = Debug;
		};
		7C919C5021E07688000D6CB7 /* Release */ = {
			isa = XCBuildConfiguration;
			baseConfigurationReference = 589C8919A5BA9B9CB8BAFEBA /* Pods-Tryouts.release.xcconfig */;
			buildSettings = {
				ASSETCATALOG_COMPILER_APPICON_NAME = AppIcon;
				CODE_SIGN_STYLE = Automatic;
				DEVELOPMENT_TEAM = 24A26Z67PK;
				INFOPLIST_FILE = Tryouts/Info.plist;
				LD_RUNPATH_SEARCH_PATHS = (
					"$(inherited)",
					"@executable_path/Frameworks",
				);
				PRODUCT_BUNDLE_IDENTIFIER = com.goemobile.tryouts.Tryouts;
				PRODUCT_NAME = "$(TARGET_NAME)";
				SWIFT_VERSION = 4.2;
				TARGETED_DEVICE_FAMILY = "1,2";
			};
			name = Release;
		};
/* End XCBuildConfiguration section */

/* Begin XCConfigurationList section */
		7C919C3721E07687000D6CB7 /* Build configuration list for PBXProject "Tryouts" */ = {
			isa = XCConfigurationList;
			buildConfigurations = (
				7C919C4C21E07688000D6CB7 /* Debug */,
				7C919C4D21E07688000D6CB7 /* Release */,
			);
			defaultConfigurationIsVisible = 0;
			defaultConfigurationName = Release;
		};
		7C919C4E21E07688000D6CB7 /* Build configuration list for PBXNativeTarget "Tryouts" */ = {
			isa = XCConfigurationList;
			buildConfigurations = (
				7C919C4F21E07688000D6CB7 /* Debug */,
				7C919C5021E07688000D6CB7 /* Release */,
			);
			defaultConfigurationIsVisible = 0;
			defaultConfigurationName = Release;
		};
/* End XCConfigurationList section */
	};
	rootObject = 7C919C3421E07687000D6CB7 /* Project object */;
}
